
Microsoft Visual Studio Solution File, Format Version 12.00
# Visual Studio Version 16
VisualStudioVersion = 25.0.1705.4
MinimumVisualStudioVersion = 10.0.40219.1
Project("{FAE04EC0-301F-11D3-BF4B-00C04F79EFBC}") = "B7", "B7\B7.csproj", "{962E28B9-C12A-4A30-BB45-9AC9FEBD7719}"
EndProject
Project("{FAE04EC0-301F-11D3-BF4B-00C04F79EFBC}") = "B7.Tests.Unit", "B7.Tests.Unit\B7.Tests.Unit.csproj", "{6930926A-A982-4561-BB7E-D3DCEF1565E1}"
EndProject
Global
	GlobalSection(SolutionConfigurationPlatforms) = preSolution
		Debug|Any CPU = Debug|Any CPU
		Release|Any CPU = Release|Any CPU
	EndGlobalSection
	GlobalSection(ProjectConfigurationPlatforms) = postSolution
		{962E28B9-C12A-4A30-BB45-9AC9FEBD7719}.Debug|Any CPU.ActiveCfg = Debug|Any CPU
		{962E28B9-C12A-4A30-BB45-9AC9FEBD7719}.Debug|Any CPU.Build.0 = Debug|Any CPU
		{962E28B9-C12A-4A30-BB45-9AC9FEBD7719}.Release|Any CPU.ActiveCfg = Release|Any CPU
		{962E28B9-C12A-4A30-BB45-9AC9FEBD7719}.Release|Any CPU.Build.0 = Release|Any CPU
		{6930926A-A982-4561-BB7E-D3DCEF1565E1}.Debug|Any CPU.ActiveCfg = Debug|Any CPU
		{6930926A-A982-4561-BB7E-D3DCEF1565E1}.Debug|Any CPU.Build.0 = Debug|Any CPU
		{6930926A-A982-4561-BB7E-D3DCEF1565E1}.Release|Any CPU.ActiveCfg = Release|Any CPU
		{6930926A-A982-4561-BB7E-D3DCEF1565E1}.Release|Any CPU.Build.0 = Release|Any CPU
	EndGlobalSection
	GlobalSection(SolutionProperties) = preSolution
		HideSolutionNode = FALSE
	EndGlobalSection
	GlobalSection(ExtensibilityGlobals) = postSolution
		SolutionGuid = {5AE17721-2EE8-47E5-AB7D-58C39A32BEA8}
	EndGlobalSection
EndGlobal
