
Microsoft Visual Studio Solution File, Format Version 12.00
# Visual Studio Version 17
VisualStudioVersion = 17.3.32519.111
MinimumVisualStudioVersion = 10.0.40219.1
Project("{9A19103F-16F7-4668-BE54-9A1E7A4F7556}") = "Client", "Client.csproj", "{874841A6-2A6F-4BE4-B53E-352C94A43820}"
EndProject
Global
	GlobalSection(SolutionConfigurationPlatforms) = preSolution
		Debug|Any CPU = Debug|Any CPU
		Release|Any CPU = Release|Any CPU
	EndGlobalSection
	GlobalSection(ProjectConfigurationPlatforms) = postSolution
		{874841A6-2A6F-4BE4-B53E-352C94A43820}.Debug|Any CPU.ActiveCfg = Debug|Any CPU
		{874841A6-2A6F-4BE4-B53E-352C94A43820}.Debug|Any CPU.Build.0 = Debug|Any CPU
		{874841A6-2A6F-4BE4-B53E-352C94A43820}.Debug|Any CPU.Deploy.0 = Debug|Any CPU
		{874841A6-2A6F-4BE4-B53E-352C94A43820}.Release|Any CPU.ActiveCfg = Release|Any CPU
		{874841A6-2A6F-4BE4-B53E-352C94A43820}.Release|Any CPU.Build.0 = Release|Any CPU
	EndGlobalSection
	GlobalSection(SolutionProperties) = preSolution
		HideSolutionNode = FALSE
	EndGlobalSection
	GlobalSection(ExtensibilityGlobals) = postSolution
		SolutionGuid = {6094B785-6C1A-493A-8D50-06D2820F376D}
	EndGlobalSection
EndGlobal
